<?xml version="1.0" encoding="utf-8"?>
<Project ToolsVersion="4.0" xmlns="http://schemas.microsoft.com/developer/msbuild/2003">
  <ItemGroup>
    <Filter Include="Database">
      <UniqueIdentifier>{287aad6d-18e6-4df7-ab73-ed06f7ab03e7}</UniqueIdentifier>
    </Filter>
    <Filter Include="Pages">
      <UniqueIdentifier>{aceb13bb-4552-4262-8b4b-67417500ea51}</UniqueIdentifier>
    </Filter>
    <Filter Include="Pages\ModbusSet">
      <UniqueIdentifier>{475d2e55-758f-426a-b580-2d4528ea64b5}</UniqueIdentifier>
    </Filter>
    <Filter Include="Pages\DatabaseModel">
      <UniqueIdentifier>{8131e2fd-7a10-44f8-b391-a97e39f94d9c}</UniqueIdentifier>
    </Filter>
    <Filter Include="Pages\DatabaseView">
      <UniqueIdentifier>{852ac8a1-de0f-4bb0-9d41-a71f33c0ce11}</UniqueIdentifier>
    </Filter>
    <Filter Include="Generated Files">
      <UniqueIdentifier>{71ED8ED8-ACB9-4CE9-BBE1-E00B30144E11}</UniqueIdentifier>
      <Extensions>moc;h;cpp</Extensions>
      <ParseFiles>true</ParseFiles>
    </Filter>
    <Filter Include="Generated Files\Debug">
      <UniqueIdentifier>{194abc1a-20f8-4819-9c97-05542c4a32cc}</UniqueIdentifier>
      <Extensions>cpp;moc</Extensions>
      <SourceControlFiles>False</SourceControlFiles>
    </Filter>
    <Filter Include="Generated Files\Release">
      <UniqueIdentifier>{25b24d21-27fb-4715-a6cb-a668e1db63f5}</UniqueIdentifier>
      <Extensions>cpp;moc</Extensions>
      <SourceControlFiles>False</SourceControlFiles>
    </Filter>
    <Filter Include="Database\PlasmaCutTechnology">
      <UniqueIdentifier>{5ca39adf-d742-467d-ae6e-58db05a747b2}</UniqueIdentifier>
    </Filter>
    <Filter Include="Pages\DatabaseView\SystemConfig">
      <UniqueIdentifier>{99cff3ce-e947-4ff5-992f-00254f38db8f}</UniqueIdentifier>
    </Filter>
    <Filter Include="Pages\DatabaseItem">
      <UniqueIdentifier>{659ba1ee-5a87-43f0-93e1-c393863ae449}</UniqueIdentifier>
    </Filter>
    <Filter Include="Pages\DatabaseView\Consumables">
      <UniqueIdentifier>{6e97c464-cfbf-4240-86ae-803ac988dce1}</UniqueIdentifier>
    </Filter>
    <Filter Include="Database\PlasmaCutTechnology\Sync">
      <UniqueIdentifier>{678494b7-de60-4133-a85f-1f9f5048a198}</UniqueIdentifier>
    </Filter>
    <Filter Include="Communication">
      <UniqueIdentifier>{6a86e06d-5aaf-48d3-b50e-156a10bd9559}</UniqueIdentifier>
    </Filter>
    <Filter Include="Communication\Modbus">
      <UniqueIdentifier>{85a89271-78c6-4db9-977e-abaa8cf0c6b1}</UniqueIdentifier>
    </Filter>
    <Filter Include="Communication\Modbus\Server">
      <UniqueIdentifier>{e1306303-bf1e-4bb4-afb8-8ccf3a67acab}</UniqueIdentifier>
    </Filter>
    <Filter Include="Communication\Modbus\Client">
      <UniqueIdentifier>{8c1ef258-2d42-424f-b677-2047c6288abd}</UniqueIdentifier>
    </Filter>
    <Filter Include="Pages\KerfTable">
      <UniqueIdentifier>{5886d0dd-3963-4773-9d73-376113869b6b}</UniqueIdentifier>
    </Filter>
    <Filter Include="Pages\DatabaseView\Nesting">
      <UniqueIdentifier>{7eb159c8-1679-45c5-84fd-940875ba4e47}</UniqueIdentifier>
    </Filter>
  </ItemGroup>
  <ItemGroup>
    <ClCompile Include="main.cpp" />
    <ClCompile Include="Database\SQLiteAccess.cpp">
      <Filter>Database</Filter>
    </ClCompile>
    <ClCompile Include="Pages\SystemConfigModel.cpp">
      <Filter>Pages\DatabaseModel</Filter>
    </ClCompile>
    <ClCompile Include="..\..\tmp\Debug\GeneratedFiles\moc_SystemConfigModel.cpp">
      <Filter>Generated Files\Debug</Filter>
    </ClCompile>
    <ClCompile Include="..\..\tmp\Release\GeneratedFiles\moc_SystemConfigModel.cpp">
      <Filter>Generated Files\Release</Filter>
    </ClCompile>
    <ClCompile Include="..\..\tmp\Debug\GeneratedFiles\moc_SystemConfigWidget.cpp">
      <Filter>Generated Files\Debug</Filter>
    </ClCompile>
    <ClCompile Include="..\..\tmp\Release\GeneratedFiles\moc_SystemConfigWidget.cpp">
      <Filter>Generated Files\Release</Filter>
    </ClCompile>
    <ClCompile Include="Database\SQLiteQuery.cpp">
      <Filter>Database</Filter>
    </ClCompile>
    <ClCompile Include="Database\SQLiteCommand.cpp">
      <Filter>Database</Filter>
    </ClCompile>
    <ClCompile Include="Pages\SystemConfigWidget.cpp">
      <Filter>Pages\DatabaseView\SystemConfig</Filter>
    </ClCompile>
    <ClCompile Include="Pages\SystemConfigTableView.cpp">
      <Filter>Pages\DatabaseView\SystemConfig</Filter>
    </ClCompile>
    <ClCompile Include="Pages\SystemConfigFilterView.cpp">
      <Filter>Pages\DatabaseView\SystemConfig</Filter>
    </ClCompile>
    <ClCompile Include="..\..\tmp\Debug\GeneratedFiles\moc_SystemConfigFilterView.cpp">
      <Filter>Generated Files\Debug</Filter>
    </ClCompile>
    <ClCompile Include="..\..\tmp\Release\GeneratedFiles\moc_SystemConfigFilterView.cpp">
      <Filter>Generated Files\Release</Filter>
    </ClCompile>
    <ClCompile Include="..\..\tmp\Debug\GeneratedFiles\moc_SystemConfigTableView.cpp">
      <Filter>Generated Files\Debug</Filter>
    </ClCompile>
    <ClCompile Include="..\..\tmp\Release\GeneratedFiles\moc_SystemConfigTableView.cpp">
      <Filter>Generated Files\Release</Filter>
    </ClCompile>
    <ClCompile Include="Database\PlasmaCutTechnology\PlasmaCutDataHandler.cpp">
      <Filter>Database\PlasmaCutTechnology</Filter>
    </ClCompile>
    <ClCompile Include="Pages\SystemConfigItem.cpp">
      <Filter>Pages\DatabaseItem</Filter>
    </ClCompile>
    <ClCompile Include="Pages\ConsumablesWidget.cpp">
      <Filter>Pages\DatabaseView\Consumables</Filter>
    </ClCompile>
    <ClCompile Include="..\..\tmp\Debug\GeneratedFiles\moc_ConsumablesWidget.cpp">
      <Filter>Generated Files\Debug</Filter>
    </ClCompile>
    <ClCompile Include="..\..\tmp\Release\GeneratedFiles\moc_ConsumablesWidget.cpp">
      <Filter>Generated Files\Release</Filter>
    </ClCompile>
    <ClCompile Include="MotionControlQrc.cpp" />
    <ClCompile Include="..\..\tmp\Debug\GeneratedFiles\qrc_MotionControl.cpp">
      <Filter>Generated Files\Debug</Filter>
    </ClCompile>
    <ClCompile Include="..\..\tmp\Release\GeneratedFiles\qrc_MotionControl.cpp">
      <Filter>Generated Files\Release</Filter>
    </ClCompile>
    <ClCompile Include="Database\PlasmaCutTechnology\DatabaseSync.cpp">
      <Filter>Database\PlasmaCutTechnology\Sync</Filter>
    </ClCompile>
    <ClCompile Include="Database\PlasmaCutTechnology\SyncHandler.cpp">
      <Filter>Database\PlasmaCutTechnology\Sync</Filter>
    </ClCompile>
    <ClCompile Include="Communication\Modbus\SlaveServer.cpp">
      <Filter>Communication\Modbus\Server</Filter>
    </ClCompile>
    <ClCompile Include="Communication\Modbus\ServerHandler.cpp">
      <Filter>Communication\Modbus\Server</Filter>
    </ClCompile>
    <ClCompile Include="Communication\Modbus\MasterClient.cpp">
      <Filter>Communication\Modbus\Client</Filter>
    </ClCompile>
    <ClCompile Include="Communication\Modbus\ClientHandler.cpp">
      <Filter>Communication\Modbus\Client</Filter>
    </ClCompile>
    <ClCompile Include="Cutter.cpp" />
    <ClCompile Include="Communication\Modbus\RTUClientHandler.cpp">
      <Filter>Communication\Modbus\Client</Filter>
    </ClCompile>
    <ClCompile Include="Communication\Modbus\TCPClientHandler.cpp">
      <Filter>Communication\Modbus\Client</Filter>
    </ClCompile>
    <ClCompile Include="..\..\tmp\Debug\GeneratedFiles\moc_ModbusRTUSet.cpp">
      <Filter>Generated Files\Debug</Filter>
    </ClCompile>
    <ClCompile Include="..\..\tmp\Release\GeneratedFiles\moc_ModbusRTUSet.cpp">
      <Filter>Generated Files\Release</Filter>
    </ClCompile>
    <ClCompile Include="Pages\ModbusRTUSet.cpp">
      <Filter>Pages\ModbusSet</Filter>
    </ClCompile>
    <ClCompile Include="Pages\ModbusTCPSet.cpp">
      <Filter>Pages\ModbusSet</Filter>
    </ClCompile>
    <ClCompile Include="..\..\tmp\Debug\GeneratedFiles\moc_ModbusTCPSet.cpp">
      <Filter>Generated Files\Debug</Filter>
    </ClCompile>
    <ClCompile Include="..\..\tmp\Release\GeneratedFiles\moc_ModbusTCPSet.cpp">
      <Filter>Generated Files\Release</Filter>
    </ClCompile>
    <ClCompile Include="Database\PlasmaCutTechnology\AliasTranslation.cpp">
      <Filter>Database\PlasmaCutTechnology</Filter>
    </ClCompile>
    <ClCompile Include="Pages\ModbusSetDlg.cpp">
      <Filter>Pages\ModbusSet</Filter>
    </ClCompile>
    <ClCompile Include="Pages\KerfTableModel.cpp">
      <Filter>Pages\KerfTable</Filter>
    </ClCompile>
    <ClCompile Include="..\..\tmp\Debug\GeneratedFiles\moc_KerfTableModel.cpp">
      <Filter>Generated Files\Debug</Filter>
    </ClCompile>
    <ClCompile Include="..\..\tmp\Release\GeneratedFiles\moc_KerfTableModel.cpp">
      <Filter>Generated Files\Release</Filter>
    </ClCompile>
    <ClCompile Include="Pages\KerfTableDlg.cpp">
      <Filter>Pages\KerfTable</Filter>
    </ClCompile>
    <ClCompile Include="Pages\NestingModel.cpp">
      <Filter>Pages\DatabaseModel</Filter>
    </ClCompile>
    <ClCompile Include="..\..\tmp\Debug\GeneratedFiles\moc_NestingModel.cpp">
      <Filter>Generated Files\Debug</Filter>
    </ClCompile>
    <ClCompile Include="..\..\tmp\Release\GeneratedFiles\moc_NestingModel.cpp">
      <Filter>Generated Files\Release</Filter>
    </ClCompile>
  </ItemGroup>
  <ItemGroup>
    <ClInclude Include="Database\SQLiteAccess.h">
      <Filter>Database</Filter>
    </ClInclude>
    <ClInclude Include="Database\PlasmaCutTechnology\SystemConfigDefine.h">
      <Filter>Database\PlasmaCutTechnology</Filter>
    </ClInclude>
    <ClInclude Include="Database\SQLiteQuery.h">
      <Filter>Database</Filter>
    </ClInclude>
    <ClInclude Include="Database\SQLiteCommand.h">
      <Filter>Database</Filter>
    </ClInclude>
    <ClInclude Include="Database\PlasmaCutTechnology\PlasmaCutDataHandler.h">
      <Filter>Database\PlasmaCutTechnology</Filter>
    </ClInclude>
    <ClInclude Include="Pages\SystemConfigItem.h">
      <Filter>Pages\DatabaseItem</Filter>
    </ClInclude>
    <ClInclude Include="MotionControlQrc.h" />
    <ClInclude Include="Database\PlasmaCutTechnology\CutChartDefine.h">
      <Filter>Database\PlasmaCutTechnology</Filter>
    </ClInclude>
    <ClInclude Include="Pages\ConsumablesMap.h">
      <Filter>Pages\DatabaseView\Consumables</Filter>
    </ClInclude>
    <ClInclude Include="Database\PlasmaCutTechnology\SyncHandler.h">
      <Filter>Database\PlasmaCutTechnology\Sync</Filter>
    </ClInclude>
    <ClInclude Include="Database\PlasmaCutTechnology\DatabaseSync.h">
      <Filter>Database\PlasmaCutTechnology\Sync</Filter>
    </ClInclude>
    <ClInclude Include="Communication\Modbus\SlaveServer.h">
      <Filter>Communication\Modbus\Server</Filter>
    </ClInclude>
    <ClInclude Include="Communication\Modbus\ServerHandler.h">
      <Filter>Communication\Modbus\Server</Filter>
    </ClInclude>
    <ClInclude Include="Communication\Modbus\ModbusMappingDef.h">
      <Filter>Communication\Modbus</Filter>
    </ClInclude>
    <ClInclude Include="Communication\Modbus\DeviceModel.h">
      <Filter>Communication\Modbus</Filter>
    </ClInclude>
    <ClInclude Include="Communication\Modbus\MasterClient.h">
      <Filter>Communication\Modbus\Client</Filter>
    </ClInclude>
    <ClInclude Include="Communication\Modbus\ClientHandler.h">
      <Filter>Communication\Modbus\Client</Filter>
    </ClInclude>
    <ClInclude Include="Cutter.h" />
    <ClInclude Include="Communication\Modbus\RTUClientHandler.h">
      <Filter>Communication\Modbus\Client</Filter>
    </ClInclude>
    <ClInclude Include="Communication\Modbus\TCPClientHandler.h">
      <Filter>Communication\Modbus\Client</Filter>
    </ClInclude>
    <ClInclude Include="Database\PlasmaCutTechnology\AliasTranslation.h">
      <Filter>Database\PlasmaCutTechnology</Filter>
    </ClInclude>
    <ClInclude Include="Pages\ModbusSetDlg.h">
      <Filter>Pages\ModbusSet</Filter>
    </ClInclude>
    <ClInclude Include="Communication\Modbus\ModbusProtocol.h">
      <Filter>Communication\Modbus</Filter>
    </ClInclude>
    <ClInclude Include="Pages\KerfTableDlg.h">
      <Filter>Pages\KerfTable</Filter>
    </ClInclude>
  </ItemGroup>
  <ItemGroup>
    <CustomBuild Include="Pages\SystemConfigModel.h">
      <Filter>Pages\DatabaseModel</Filter>
    </CustomBuild>
    <CustomBuild Include="Pages\SystemConfigWidget.ui">
      <Filter>Pages\DatabaseView\SystemConfig</Filter>
    </CustomBuild>
    <CustomBuild Include="Pages\SystemConfigWidget.h">
      <Filter>Pages\DatabaseView\SystemConfig</Filter>
    </CustomBuild>
    <CustomBuild Include="Pages\SystemConfigFilterView.h">
      <Filter>Pages\DatabaseView\SystemConfig</Filter>
    </CustomBuild>
    <CustomBuild Include="Pages\SystemConfigTableView.h">
      <Filter>Pages\DatabaseView\SystemConfig</Filter>
    </CustomBuild>
    <CustomBuild Include="Pages\ConsumablesWidget.ui">
      <Filter>Pages\DatabaseView\Consumables</Filter>
    </CustomBuild>
    <CustomBuild Include="Pages\ConsumablesWidget.h">
      <Filter>Pages\DatabaseView\Consumables</Filter>
    </CustomBuild>
    <CustomBuild Include="MotionControl.qrc" />
    <CustomBuild Include="Pages\ModbusRTUSet.ui">
      <Filter>Pages\ModbusSet</Filter>
    </CustomBuild>
    <CustomBuild Include="Pages\ModbusRTUSet.h">
      <Filter>Pages\ModbusSet</Filter>
    </CustomBuild>
    <CustomBuild Include="Pages\ModbusTCPSet.ui">
      <Filter>Pages\ModbusSet</Filter>
    </CustomBuild>
    <CustomBuild Include="Pages\ModbusTCPSet.h">
      <Filter>Pages\ModbusSet</Filter>
    </CustomBuild>
    <CustomBuild Include="Pages\KerfTableModel.h">
      <Filter>Pages\KerfTable</Filter>
    </CustomBuild>
    <CustomBuild Include="Pages\NestingModel.h">
      <Filter>Pages\DatabaseModel</Filter>
    </CustomBuild>
  </ItemGroup>
</Project>