<?xml version="1.0" encoding="utf-8"?>
<Project ToolsVersion="4.0" xmlns="http://schemas.microsoft.com/developer/msbuild/2003">
  <ItemGroup>
    <Filter Include="Database">
      <UniqueIdentifier>{287aad6d-18e6-4df7-ab73-ed06f7ab03e7}</UniqueIdentifier>
    </Filter>
    <Filter Include="Pages">
      <UniqueIdentifier>{aceb13bb-4552-4262-8b4b-67417500ea51}</UniqueIdentifier>
    </Filter>
    <Filter Include="Pages\ModbusSet">
      <UniqueIdentifier>{475d2e55-758f-426a-b580-2d4528ea64b5}</UniqueIdentifier>
    </Filter>
    <Filter Include="Pages\DatabaseModel">
      <UniqueIdentifier>{8131e2fd-7a10-44f8-b391-a97e39f94d9c}</UniqueIdentifier>
    </Filter>
    <Filter Include="Pages\DatabaseView">
      <UniqueIdentifier>{852ac8a1-de0f-4bb0-9d41-a71f33c0ce11}</UniqueIdentifier>
    </Filter>
    <Filter Include="Generated Files">
      <UniqueIdentifier>{71ED8ED8-ACB9-4CE9-BBE1-E00B30144E11}</UniqueIdentifier>
      <Extensions>moc;h;cpp</Extensions>
      <ParseFiles>true</ParseFiles>
    </Filter>
    <Filter Include="Generated Files\Debug">
      <UniqueIdentifier>{194abc1a-20f8-4819-9c97-05542c4a32cc}</UniqueIdentifier>
      <Extensions>cpp;moc</Extensions>
      <SourceControlFiles>False</SourceControlFiles>
    </Filter>
    <Filter Include="Generated Files\Release">
      <UniqueIdentifier>{25b24d21-27fb-4715-a6cb-a668e1db63f5}</UniqueIdentifier>
      <Extensions>cpp;moc</Extensions>
      <SourceControlFiles>False</SourceControlFiles>
    </Filter>
    <Filter Include="Database\PlasmaCutTechnology">
      <UniqueIdentifier>{5ca39adf-d742-467d-ae6e-58db05a747b2}</UniqueIdentifier>
    </Filter>
    <Filter Include="Pages\DatabaseView\SystemConfig">
      <UniqueIdentifier>{99cff3ce-e947-4ff5-992f-00254f38db8f}</UniqueIdentifier>
    </Filter>
    <Filter Include="Pages\DatabaseItem">
      <UniqueIdentifier>{659ba1ee-5a87-43f0-93e1-c393863ae449}</UniqueIdentifier>
    </Filter>
    <Filter Include="Pages\DatabaseView\Consumables">
      <UniqueIdentifier>{6e97c464-cfbf-4240-86ae-803ac988dce1}</UniqueIdentifier>
    </Filter>
    <Filter Include="Database\PlasmaCutTechnology\Sync">
      <UniqueIdentifier>{678494b7-de60-4133-a85f-1f9f5048a198}</UniqueIdentifier>
    </Filter>
    <Filter Include="Communication">
      <UniqueIdentifier>{6a86e06d-5aaf-48d3-b50e-156a10bd9559}</UniqueIdentifier>
    </Filter>
    <Filter Include="Communication\Modbus">
      <UniqueIdentifier>{85a89271-78c6-4db9-977e-abaa8cf0c6b1}</UniqueIdentifier>
    </Filter>
    <Filter Include="Communication\Modbus\Server">
      <UniqueIdentifier>{e1306303-bf1e-4bb4-afb8-8ccf3a67acab}</UniqueIdentifier>
    </Filter>
    <Filter Include="Communication\Modbus\Client">
      <UniqueIdentifier>{8c1ef258-2d42-424f-b677-2047c6288abd}</UniqueIdentifier>
    </Filter>
    <Filter Include="Pages\KerfTable">
      <UniqueIdentifier>{5886d0dd-3963-4773-9d73-376113869b6b}</UniqueIdentifier>
    </Filter>
    <Filter Include="Pages\DatabaseView\Nesting">
      <UniqueIdentifier>{7eb159c8-1679-45c5-84fd-940875ba4e47}</UniqueIdentifier>
    </Filter>
    <Filter Include="Pages\ProgressCtrl">
      <UniqueIdentifier>{ec67e567-1283-4e67-bbad-2f8f418e98ac}</UniqueIdentifier>
    </Filter>
    <Filter Include="Pages\ExtendedIO">
      <UniqueIdentifier>{189c31bb-e6ce-4cf8-86c9-a946ed270902}</UniqueIdentifier>
    </Filter>
    <Filter Include="Controller">
      <UniqueIdentifier>{fa20db80-1238-4624-8e1c-8ea6977fe086}</UniqueIdentifier>
    </Filter>
    <Filter Include="Controller\board">
      <UniqueIdentifier>{5f0b4b17-0286-4111-8990-e8dd45067140}</UniqueIdentifier>
    </Filter>
    <Filter Include="Controller\pps">
      <UniqueIdentifier>{02d9a7b1-3f65-473a-a93f-d82bbc89df1a}</UniqueIdentifier>
    </Filter>
    <Filter Include="Controller\thc">
      <UniqueIdentifier>{ba8110fa-0966-4e81-96ee-33f90508e5ba}</UniqueIdentifier>
    </Filter>
    <Filter Include="Pages\Monitor">
      <UniqueIdentifier>{b247e7d7-5dd7-448e-a1ab-9b9fa2c0fbca}</UniqueIdentifier>
    </Filter>
    <Filter Include="Pages\DeviceDiagnose">
      <UniqueIdentifier>{7a65d939-d3dd-4c03-9652-0045ad93c4ce}</UniqueIdentifier>
    </Filter>
    <Filter Include="Pages\DeviceDiagnose\pps">
      <UniqueIdentifier>{7d8bcc3c-1a1e-4060-9500-7b697ddfd4eb}</UniqueIdentifier>
    </Filter>
    <Filter Include="Pages\DeviceDiagnose\pps\Hyper">
      <UniqueIdentifier>{b1f1e1cc-cff6-43dd-94f3-d06753c3cafe}</UniqueIdentifier>
    </Filter>
    <Filter Include="Pages\DeviceDiagnose\pps\Liuhe">
      <UniqueIdentifier>{19bad771-43ef-465d-b301-61fd7c54ee7b}</UniqueIdentifier>
    </Filter>
    <Filter Include="Pages\Monitor\PPSMonitor">
      <UniqueIdentifier>{501185b6-973c-4223-b93e-9d2f86923ec6}</UniqueIdentifier>
    </Filter>
    <Filter Include="Pages\Monitor\PPSMonitor\hyper">
      <UniqueIdentifier>{cdb41e52-3efc-4853-9161-c77eb59fb69e}</UniqueIdentifier>
    </Filter>
    <Filter Include="Pages\Monitor\PPSMonitor\liuhe">
      <UniqueIdentifier>{53ac8699-63fb-45f9-98f7-9003758aeeaa}</UniqueIdentifier>
    </Filter>
    <Filter Include="Pages\Monitor\PPSMonitor\musk">
      <UniqueIdentifier>{b6bc9ae5-c492-48e1-a3bb-6f08baf3ae26}</UniqueIdentifier>
    </Filter>
    <Filter Include="Pages\DatabaseView\CodeTransform">
      <UniqueIdentifier>{a79c6293-c968-41fd-8f61-971d638fdac2}</UniqueIdentifier>
    </Filter>
    <Filter Include="Pages\DeviceDiagnose\board">
      <UniqueIdentifier>{cfebc7b9-95b1-4db7-ac7c-ff8795fb7b91}</UniqueIdentifier>
    </Filter>
  </ItemGroup>
  <ItemGroup>
    <ClCompile Include="main.cpp" />
    <ClCompile Include="Database\SQLiteAccess.cpp">
      <Filter>Database</Filter>
    </ClCompile>
    <ClCompile Include="Pages\SystemConfigModel.cpp">
      <Filter>Pages\DatabaseModel</Filter>
    </ClCompile>
    <ClCompile Include="..\..\tmp\Debug\GeneratedFiles\moc_SystemConfigModel.cpp">
      <Filter>Generated Files\Debug</Filter>
    </ClCompile>
    <ClCompile Include="..\..\tmp\Release\GeneratedFiles\moc_SystemConfigModel.cpp">
      <Filter>Generated Files\Release</Filter>
    </ClCompile>
    <ClCompile Include="..\..\tmp\Debug\GeneratedFiles\moc_SystemConfigWidget.cpp">
      <Filter>Generated Files\Debug</Filter>
    </ClCompile>
    <ClCompile Include="..\..\tmp\Release\GeneratedFiles\moc_SystemConfigWidget.cpp">
      <Filter>Generated Files\Release</Filter>
    </ClCompile>
    <ClCompile Include="Database\SQLiteQuery.cpp">
      <Filter>Database</Filter>
    </ClCompile>
    <ClCompile Include="Database\SQLiteCommand.cpp">
      <Filter>Database</Filter>
    </ClCompile>
    <ClCompile Include="Pages\SystemConfigWidget.cpp">
      <Filter>Pages\DatabaseView\SystemConfig</Filter>
    </ClCompile>
    <ClCompile Include="Pages\SystemConfigTableView.cpp">
      <Filter>Pages\DatabaseView\SystemConfig</Filter>
    </ClCompile>
    <ClCompile Include="Pages\SystemConfigFilterView.cpp">
      <Filter>Pages\DatabaseView\SystemConfig</Filter>
    </ClCompile>
    <ClCompile Include="..\..\tmp\Debug\GeneratedFiles\moc_SystemConfigFilterView.cpp">
      <Filter>Generated Files\Debug</Filter>
    </ClCompile>
    <ClCompile Include="..\..\tmp\Release\GeneratedFiles\moc_SystemConfigFilterView.cpp">
      <Filter>Generated Files\Release</Filter>
    </ClCompile>
    <ClCompile Include="..\..\tmp\Debug\GeneratedFiles\moc_SystemConfigTableView.cpp">
      <Filter>Generated Files\Debug</Filter>
    </ClCompile>
    <ClCompile Include="..\..\tmp\Release\GeneratedFiles\moc_SystemConfigTableView.cpp">
      <Filter>Generated Files\Release</Filter>
    </ClCompile>
    <ClCompile Include="Database\PlasmaCutTechnology\PlasmaCutDataHandler.cpp">
      <Filter>Database\PlasmaCutTechnology</Filter>
    </ClCompile>
    <ClCompile Include="Pages\SystemConfigItem.cpp">
      <Filter>Pages\DatabaseItem</Filter>
    </ClCompile>
    <ClCompile Include="Pages\ConsumablesWidget.cpp">
      <Filter>Pages\DatabaseView\Consumables</Filter>
    </ClCompile>
    <ClCompile Include="..\..\tmp\Debug\GeneratedFiles\moc_ConsumablesWidget.cpp">
      <Filter>Generated Files\Debug</Filter>
    </ClCompile>
    <ClCompile Include="..\..\tmp\Release\GeneratedFiles\moc_ConsumablesWidget.cpp">
      <Filter>Generated Files\Release</Filter>
    </ClCompile>
    <ClCompile Include="MotionControlQrc.cpp" />
    <ClCompile Include="..\..\tmp\Debug\GeneratedFiles\qrc_MotionControl.cpp">
      <Filter>Generated Files\Debug</Filter>
    </ClCompile>
    <ClCompile Include="..\..\tmp\Release\GeneratedFiles\qrc_MotionControl.cpp">
      <Filter>Generated Files\Release</Filter>
    </ClCompile>
    <ClCompile Include="Database\PlasmaCutTechnology\DatabaseSync.cpp">
      <Filter>Database\PlasmaCutTechnology\Sync</Filter>
    </ClCompile>
    <ClCompile Include="Database\PlasmaCutTechnology\SyncHandler.cpp">
      <Filter>Database\PlasmaCutTechnology\Sync</Filter>
    </ClCompile>
    <ClCompile Include="Communication\Modbus\SlaveServer.cpp">
      <Filter>Communication\Modbus\Server</Filter>
    </ClCompile>
    <ClCompile Include="Communication\Modbus\ServerHandler.cpp">
      <Filter>Communication\Modbus\Server</Filter>
    </ClCompile>
    <ClCompile Include="Communication\Modbus\ClientHandler.cpp">
      <Filter>Communication\Modbus\Client</Filter>
    </ClCompile>
    <ClCompile Include="Cutter.cpp" />
    <ClCompile Include="Communication\Modbus\RTUClientHandler.cpp">
      <Filter>Communication\Modbus\Client</Filter>
    </ClCompile>
    <ClCompile Include="Communication\Modbus\TCPClientHandler.cpp">
      <Filter>Communication\Modbus\Client</Filter>
    </ClCompile>
    <ClCompile Include="..\..\tmp\Debug\GeneratedFiles\moc_ModbusRTUSet.cpp">
      <Filter>Generated Files\Debug</Filter>
    </ClCompile>
    <ClCompile Include="..\..\tmp\Release\GeneratedFiles\moc_ModbusRTUSet.cpp">
      <Filter>Generated Files\Release</Filter>
    </ClCompile>
    <ClCompile Include="Pages\ModbusRTUSet.cpp">
      <Filter>Pages\ModbusSet</Filter>
    </ClCompile>
    <ClCompile Include="Pages\ModbusTCPSet.cpp">
      <Filter>Pages\ModbusSet</Filter>
    </ClCompile>
    <ClCompile Include="..\..\tmp\Debug\GeneratedFiles\moc_ModbusTCPSet.cpp">
      <Filter>Generated Files\Debug</Filter>
    </ClCompile>
    <ClCompile Include="..\..\tmp\Release\GeneratedFiles\moc_ModbusTCPSet.cpp">
      <Filter>Generated Files\Release</Filter>
    </ClCompile>
    <ClCompile Include="Database\PlasmaCutTechnology\AliasTranslation.cpp">
      <Filter>Database\PlasmaCutTechnology</Filter>
    </ClCompile>
    <ClCompile Include="Pages\ModbusSetDlg.cpp">
      <Filter>Pages\ModbusSet</Filter>
    </ClCompile>
    <ClCompile Include="Pages\KerfTableModel.cpp">
      <Filter>Pages\KerfTable</Filter>
    </ClCompile>
    <ClCompile Include="..\..\tmp\Debug\GeneratedFiles\moc_KerfTableModel.cpp">
      <Filter>Generated Files\Debug</Filter>
    </ClCompile>
    <ClCompile Include="..\..\tmp\Release\GeneratedFiles\moc_KerfTableModel.cpp">
      <Filter>Generated Files\Release</Filter>
    </ClCompile>
    <ClCompile Include="Pages\KerfTableDlg.cpp">
      <Filter>Pages\KerfTable</Filter>
    </ClCompile>
    <ClCompile Include="Pages\NestingModel.cpp">
      <Filter>Pages\DatabaseModel</Filter>
    </ClCompile>
    <ClCompile Include="..\..\tmp\Debug\GeneratedFiles\moc_NestingModel.cpp">
      <Filter>Generated Files\Debug</Filter>
    </ClCompile>
    <ClCompile Include="..\..\tmp\Release\GeneratedFiles\moc_NestingModel.cpp">
      <Filter>Generated Files\Release</Filter>
    </ClCompile>
    <ClCompile Include="Pages\NestingDlg.cpp">
      <Filter>Pages\DatabaseView\Nesting</Filter>
    </ClCompile>
    <ClCompile Include="Widgets\progressctrl\JobProgressDlg.cpp">
      <Filter>Pages\ProgressCtrl</Filter>
    </ClCompile>
    <ClCompile Include="..\..\tmp\Debug\GeneratedFiles\moc_JobProgressDlg.cpp">
      <Filter>Generated Files\Debug</Filter>
    </ClCompile>
    <ClCompile Include="..\..\tmp\Release\GeneratedFiles\moc_JobProgressDlg.cpp">
      <Filter>Generated Files\Release</Filter>
    </ClCompile>
    <ClCompile Include="Widgets\progressctrl\ProgressCtrl.cpp">
      <Filter>Pages\ProgressCtrl</Filter>
    </ClCompile>
    <ClCompile Include="..\..\tmp\Debug\GeneratedFiles\moc_ProgressCtrl.cpp">
      <Filter>Generated Files\Debug</Filter>
    </ClCompile>
    <ClCompile Include="..\..\tmp\Release\GeneratedFiles\moc_ProgressCtrl.cpp">
      <Filter>Generated Files\Release</Filter>
    </ClCompile>
    <ClCompile Include="Widgets\extendedio\ExtendedBoardModel.cpp">
      <Filter>Pages\ExtendedIO</Filter>
    </ClCompile>
    <ClCompile Include="..\..\tmp\Debug\GeneratedFiles\moc_ExtendedBoardModel.cpp">
      <Filter>Generated Files\Debug</Filter>
    </ClCompile>
    <ClCompile Include="..\..\tmp\Release\GeneratedFiles\moc_ExtendedBoardModel.cpp">
      <Filter>Generated Files\Release</Filter>
    </ClCompile>
    <ClCompile Include="Widgets\extendedio\ExtendedIOConfigWidget.cpp">
      <Filter>Pages\ExtendedIO</Filter>
    </ClCompile>
    <ClCompile Include="..\..\tmp\Debug\GeneratedFiles\moc_ExtendedIOConfigWidget.cpp">
      <Filter>Generated Files\Debug</Filter>
    </ClCompile>
    <ClCompile Include="..\..\tmp\Release\GeneratedFiles\moc_ExtendedIOConfigWidget.cpp">
      <Filter>Generated Files\Release</Filter>
    </ClCompile>
    <ClCompile Include="Controller\IOBoardManager.cpp">
      <Filter>Controller</Filter>
    </ClCompile>
    <ClCompile Include="Controller\board\BoardFactory.cpp">
      <Filter>Controller\board</Filter>
    </ClCompile>
    <ClCompile Include="Controller\board\AbstractBoard.cpp">
      <Filter>Controller\board</Filter>
    </ClCompile>
    <ClCompile Include="Controller\pps\PPSClient.cpp">
      <Filter>Controller\pps</Filter>
    </ClCompile>
    <ClCompile Include="Controller\thc\THCClient.cpp">
      <Filter>Controller\thc</Filter>
    </ClCompile>
    <ClCompile Include="Communication\Modbus\ClientHandlerManager.cpp">
      <Filter>Communication\Modbus\Client</Filter>
    </ClCompile>
    <ClCompile Include="Widgets\devicediagnose\pps\hyper\PowermaxDiagnose.cpp">
      <Filter>Pages\DeviceDiagnose\pps\Hyper</Filter>
    </ClCompile>
    <ClCompile Include="Widgets\devicediagnose\pps\liuhe\LH270ADiagnose.cpp">
      <Filter>Pages\DeviceDiagnose\pps\Liuhe</Filter>
    </ClCompile>
    <ClCompile Include="Widgets\devicediagnose\pps\PPSDeviceDiagnoseWidget.cpp">
      <Filter>Pages\DeviceDiagnose\pps</Filter>
    </ClCompile>
    <ClCompile Include="..\..\tmp\Debug\GeneratedFiles\moc_PPSDeviceDiagnoseWidget.cpp">
      <Filter>Generated Files\Debug</Filter>
    </ClCompile>
    <ClCompile Include="..\..\tmp\Release\GeneratedFiles\moc_PPSDeviceDiagnoseWidget.cpp">
      <Filter>Generated Files\Release</Filter>
    </ClCompile>
    <ClCompile Include="Widgets\monitor\PPSMonitor\PPSMonitorWidget.cpp">
      <Filter>Pages\Monitor\PPSMonitor</Filter>
    </ClCompile>
    <ClCompile Include="..\..\tmp\Debug\GeneratedFiles\moc_PPSMonitorWidget.cpp">
      <Filter>Generated Files\Debug</Filter>
    </ClCompile>
    <ClCompile Include="..\..\tmp\Release\GeneratedFiles\moc_PPSMonitorWidget.cpp">
      <Filter>Generated Files\Release</Filter>
    </ClCompile>
    <ClCompile Include="Widgets\monitor\PPSMonitor\musk\MuskPPSMonitorWidget.cpp">
      <Filter>Pages\Monitor\PPSMonitor\musk</Filter>
    </ClCompile>
    <ClCompile Include="..\..\tmp\Debug\GeneratedFiles\moc_MuskPPSMonitorWidget.cpp">
      <Filter>Generated Files\Debug</Filter>
    </ClCompile>
    <ClCompile Include="..\..\tmp\Release\GeneratedFiles\moc_MuskPPSMonitorWidget.cpp">
      <Filter>Generated Files\Release</Filter>
    </ClCompile>
    <ClCompile Include="Widgets\monitor\PPSMonitor\liuhe\LH270AMonitorWidget.cpp">
      <Filter>Pages\Monitor\PPSMonitor\liuhe</Filter>
    </ClCompile>
    <ClCompile Include="..\..\tmp\Debug\GeneratedFiles\moc_LH270AMonitorWidget.cpp">
      <Filter>Generated Files\Debug</Filter>
    </ClCompile>
    <ClCompile Include="..\..\tmp\Release\GeneratedFiles\moc_LH270AMonitorWidget.cpp">
      <Filter>Generated Files\Release</Filter>
    </ClCompile>
    <ClCompile Include="Widgets\monitor\PPSMonitor\liuhe\LiuheMonitorWidget.cpp">
      <Filter>Pages\Monitor\PPSMonitor\liuhe</Filter>
    </ClCompile>
    <ClCompile Include="..\..\tmp\Debug\GeneratedFiles\moc_LiuheMonitorWidget.cpp">
      <Filter>Generated Files\Debug</Filter>
    </ClCompile>
    <ClCompile Include="..\..\tmp\Release\GeneratedFiles\moc_LiuheMonitorWidget.cpp">
      <Filter>Generated Files\Release</Filter>
    </ClCompile>
    <ClCompile Include="Widgets\monitor\PPSMonitor\hyper\HyperMonitorWidget.cpp">
      <Filter>Pages\Monitor\PPSMonitor\hyper</Filter>
    </ClCompile>
    <ClCompile Include="..\..\tmp\Debug\GeneratedFiles\moc_HyperMonitorWidget.cpp">
      <Filter>Generated Files\Debug</Filter>
    </ClCompile>
    <ClCompile Include="..\..\tmp\Release\GeneratedFiles\moc_HyperMonitorWidget.cpp">
      <Filter>Generated Files\Release</Filter>
    </ClCompile>
    <ClCompile Include="Widgets\monitor\PPSMonitor\hyper\PowermaxMonitorWidget.cpp">
      <Filter>Pages\Monitor\PPSMonitor\hyper</Filter>
    </ClCompile>
    <ClCompile Include="..\..\tmp\Debug\GeneratedFiles\moc_PowermaxMonitorWidget.cpp">
      <Filter>Generated Files\Debug</Filter>
    </ClCompile>
    <ClCompile Include="..\..\tmp\Release\GeneratedFiles\moc_PowermaxMonitorWidget.cpp">
      <Filter>Generated Files\Release</Filter>
    </ClCompile>
    <ClCompile Include="Pages\CodeTransformModel.cpp">
      <Filter>Pages\DatabaseModel</Filter>
    </ClCompile>
    <ClCompile Include="..\..\tmp\Debug\GeneratedFiles\moc_CodeTransformModel.cpp">
      <Filter>Generated Files\Debug</Filter>
    </ClCompile>
    <ClCompile Include="..\..\tmp\Release\GeneratedFiles\moc_CodeTransformModel.cpp">
      <Filter>Generated Files\Release</Filter>
    </ClCompile>
    <ClCompile Include="Pages\CodeTransformWidget.cpp">
      <Filter>Pages\DatabaseView\CodeTransform</Filter>
    </ClCompile>
    <ClCompile Include="..\..\tmp\Debug\GeneratedFiles\moc_CodeTransformWidget.cpp">
      <Filter>Generated Files\Debug</Filter>
    </ClCompile>
    <ClCompile Include="..\..\tmp\Release\GeneratedFiles\moc_CodeTransformWidget.cpp">
      <Filter>Generated Files\Release</Filter>
    </ClCompile>
    <ClCompile Include="Widgets\devicediagnose\board\BoardDiagnoseWidget.cpp">
      <Filter>Pages\DeviceDiagnose\board</Filter>
    </ClCompile>
    <ClCompile Include="..\..\tmp\Debug\GeneratedFiles\moc_BoardDiagnoseWidget.cpp">
      <Filter>Generated Files\Debug</Filter>
    </ClCompile>
    <ClCompile Include="..\..\tmp\Release\GeneratedFiles\moc_BoardDiagnoseWidget.cpp">
      <Filter>Generated Files\Release</Filter>
    </ClCompile>
  </ItemGroup>
  <ItemGroup>
    <ClInclude Include="Database\SQLiteAccess.h">
      <Filter>Database</Filter>
    </ClInclude>
    <ClInclude Include="Database\PlasmaCutTechnology\SystemConfigDefine.h">
      <Filter>Database\PlasmaCutTechnology</Filter>
    </ClInclude>
    <ClInclude Include="Database\SQLiteQuery.h">
      <Filter>Database</Filter>
    </ClInclude>
    <ClInclude Include="Database\SQLiteCommand.h">
      <Filter>Database</Filter>
    </ClInclude>
    <ClInclude Include="Database\PlasmaCutTechnology\PlasmaCutDataHandler.h">
      <Filter>Database\PlasmaCutTechnology</Filter>
    </ClInclude>
    <ClInclude Include="Pages\SystemConfigItem.h">
      <Filter>Pages\DatabaseItem</Filter>
    </ClInclude>
    <ClInclude Include="MotionControlQrc.h" />
    <ClInclude Include="Database\PlasmaCutTechnology\CutChartDefine.h">
      <Filter>Database\PlasmaCutTechnology</Filter>
    </ClInclude>
    <ClInclude Include="Pages\ConsumablesMap.h">
      <Filter>Pages\DatabaseView\Consumables</Filter>
    </ClInclude>
    <ClInclude Include="Database\PlasmaCutTechnology\SyncHandler.h">
      <Filter>Database\PlasmaCutTechnology\Sync</Filter>
    </ClInclude>
    <ClInclude Include="Database\PlasmaCutTechnology\DatabaseSync.h">
      <Filter>Database\PlasmaCutTechnology\Sync</Filter>
    </ClInclude>
    <ClInclude Include="Communication\Modbus\SlaveServer.h">
      <Filter>Communication\Modbus\Server</Filter>
    </ClInclude>
    <ClInclude Include="Communication\Modbus\ServerHandler.h">
      <Filter>Communication\Modbus\Server</Filter>
    </ClInclude>
    <ClInclude Include="Communication\Modbus\ModbusMappingDef.h">
      <Filter>Communication\Modbus</Filter>
    </ClInclude>
    <ClInclude Include="Communication\Modbus\ClientHandler.h">
      <Filter>Communication\Modbus\Client</Filter>
    </ClInclude>
    <ClInclude Include="Cutter.h" />
    <ClInclude Include="Communication\Modbus\RTUClientHandler.h">
      <Filter>Communication\Modbus\Client</Filter>
    </ClInclude>
    <ClInclude Include="Communication\Modbus\TCPClientHandler.h">
      <Filter>Communication\Modbus\Client</Filter>
    </ClInclude>
    <ClInclude Include="Database\PlasmaCutTechnology\AliasTranslation.h">
      <Filter>Database\PlasmaCutTechnology</Filter>
    </ClInclude>
    <ClInclude Include="Pages\ModbusSetDlg.h">
      <Filter>Pages\ModbusSet</Filter>
    </ClInclude>
    <ClInclude Include="Communication\Modbus\ModbusProtocol.h">
      <Filter>Communication\Modbus</Filter>
    </ClInclude>
    <ClInclude Include="Pages\KerfTableDlg.h">
      <Filter>Pages\KerfTable</Filter>
    </ClInclude>
    <ClInclude Include="Pages\NestingDlg.h">
      <Filter>Pages\DatabaseView\Nesting</Filter>
    </ClInclude>
    <ClInclude Include="Controller\DeviceDefine.h">
      <Filter>Controller</Filter>
    </ClInclude>
    <ClInclude Include="Controller\IOBoardManager.h">
      <Filter>Controller</Filter>
    </ClInclude>
    <ClInclude Include="Controller\board\BoardFactory.h">
      <Filter>Controller\board</Filter>
    </ClInclude>
    <ClInclude Include="Controller\board\AbstractBoard.h">
      <Filter>Controller\board</Filter>
    </ClInclude>
    <ClInclude Include="Controller\board\LocalBoard.h">
      <Filter>Controller\board</Filter>
    </ClInclude>
    <ClInclude Include="Controller\board\FCB1200PCBoard.h">
      <Filter>Controller\board</Filter>
    </ClInclude>
    <ClInclude Include="Controller\board\FCB1200PCExpBoard.h">
      <Filter>Controller\board</Filter>
    </ClInclude>
    <ClInclude Include="Controller\board\FCB1200PCPanelBoard.h">
      <Filter>Controller\board</Filter>
    </ClInclude>
    <ClInclude Include="Controller\pps\PPSClient.h">
      <Filter>Controller\pps</Filter>
    </ClInclude>
    <ClInclude Include="Controller\thc\THCClient.h">
      <Filter>Controller\thc</Filter>
    </ClInclude>
    <ClInclude Include="Communication\Modbus\ClientHandlerManager.h">
      <Filter>Communication\Modbus\Client</Filter>
    </ClInclude>
    <ClInclude Include="Controller\DeviceModel.h">
      <Filter>Controller</Filter>
    </ClInclude>
    <ClInclude Include="Controller\thc\THCMapAddrDef.h">
      <Filter>Controller\thc</Filter>
    </ClInclude>
    <ClInclude Include="Controller\pps\PPSMapAddrDef.h">
      <Filter>Controller\pps</Filter>
    </ClInclude>
    <ClInclude Include="Widgets\devicediagnose\pps\hyper\PowermaxDiagnose.h">
      <Filter>Pages\DeviceDiagnose\pps\Hyper</Filter>
    </ClInclude>
    <ClInclude Include="Widgets\devicediagnose\pps\liuhe\LH270ADiagnose.h">
      <Filter>Pages\DeviceDiagnose\pps\Liuhe</Filter>
    </ClInclude>
  </ItemGroup>
  <ItemGroup>
    <CustomBuild Include="Pages\SystemConfigModel.h">
      <Filter>Pages\DatabaseModel</Filter>
    </CustomBuild>
    <CustomBuild Include="Pages\SystemConfigWidget.ui">
      <Filter>Pages\DatabaseView\SystemConfig</Filter>
    </CustomBuild>
    <CustomBuild Include="Pages\SystemConfigWidget.h">
      <Filter>Pages\DatabaseView\SystemConfig</Filter>
    </CustomBuild>
    <CustomBuild Include="Pages\SystemConfigFilterView.h">
      <Filter>Pages\DatabaseView\SystemConfig</Filter>
    </CustomBuild>
    <CustomBuild Include="Pages\SystemConfigTableView.h">
      <Filter>Pages\DatabaseView\SystemConfig</Filter>
    </CustomBuild>
    <CustomBuild Include="Pages\ConsumablesWidget.ui">
      <Filter>Pages\DatabaseView\Consumables</Filter>
    </CustomBuild>
    <CustomBuild Include="Pages\ConsumablesWidget.h">
      <Filter>Pages\DatabaseView\Consumables</Filter>
    </CustomBuild>
    <CustomBuild Include="MotionControl.qrc" />
    <CustomBuild Include="Pages\ModbusRTUSet.ui">
      <Filter>Pages\ModbusSet</Filter>
    </CustomBuild>
    <CustomBuild Include="Pages\ModbusRTUSet.h">
      <Filter>Pages\ModbusSet</Filter>
    </CustomBuild>
    <CustomBuild Include="Pages\ModbusTCPSet.ui">
      <Filter>Pages\ModbusSet</Filter>
    </CustomBuild>
    <CustomBuild Include="Pages\ModbusTCPSet.h">
      <Filter>Pages\ModbusSet</Filter>
    </CustomBuild>
    <CustomBuild Include="Pages\KerfTableModel.h">
      <Filter>Pages\KerfTable</Filter>
    </CustomBuild>
    <CustomBuild Include="Pages\NestingModel.h">
      <Filter>Pages\DatabaseModel</Filter>
    </CustomBuild>
    <CustomBuild Include="Widgets\progressctrl\ProgressCtrl.ui">
      <Filter>Pages\ProgressCtrl</Filter>
    </CustomBuild>
    <CustomBuild Include="Widgets\progressctrl\JobProgressDlg.h">
      <Filter>Pages\ProgressCtrl</Filter>
    </CustomBuild>
    <CustomBuild Include="Widgets\progressctrl\ProgressCtrl.h">
      <Filter>Pages\ProgressCtrl</Filter>
    </CustomBuild>
    <CustomBuild Include="Widgets\extendedio\ExtendedBoardModel.h">
      <Filter>Pages\ExtendedIO</Filter>
    </CustomBuild>
    <CustomBuild Include="Widgets\extendedio\ExtendedIOConfigWidget.ui">
      <Filter>Pages\ExtendedIO</Filter>
    </CustomBuild>
    <CustomBuild Include="Widgets\extendedio\ExtendedIOConfigWidget.h">
      <Filter>Pages\ExtendedIO</Filter>
    </CustomBuild>
    <CustomBuild Include="Widgets\devicediagnose\pps\liuhe\LH270ADiagnose.ui">
      <Filter>Pages\DeviceDiagnose\pps\Liuhe</Filter>
    </CustomBuild>
    <CustomBuild Include="Widgets\devicediagnose\pps\hyper\PowermaxDiagnose.ui">
      <Filter>Pages\DeviceDiagnose\pps\Hyper</Filter>
    </CustomBuild>
    <CustomBuild Include="Widgets\devicediagnose\pps\PPSDeviceDiagnoseWidget.h">
      <Filter>Pages\DeviceDiagnose\pps</Filter>
    </CustomBuild>
    <CustomBuild Include="Widgets\devicediagnose\pps\PPSDeviceDiagnoseWidget.ui">
      <Filter>Pages\DeviceDiagnose\pps</Filter>
    </CustomBuild>
    <CustomBuild Include="Widgets\monitor\PPSMonitor\PPSMonitorWidget.h">
      <Filter>Pages\Monitor\PPSMonitor</Filter>
    </CustomBuild>
    <CustomBuild Include="Widgets\monitor\PPSMonitor\PPSMonitorWidget.ui">
      <Filter>Pages\Monitor\PPSMonitor</Filter>
    </CustomBuild>
    <CustomBuild Include="Widgets\monitor\PPSMonitor\musk\MuskPPSMonitorWidget.h">
      <Filter>Pages\Monitor\PPSMonitor\musk</Filter>
    </CustomBuild>
    <CustomBuild Include="Widgets\monitor\PPSMonitor\musk\MuskPPSMonitorWidget.ui">
      <Filter>Pages\Monitor\PPSMonitor\musk</Filter>
    </CustomBuild>
    <CustomBuild Include="Widgets\monitor\PPSMonitor\liuhe\LH270AMonitorWidget.h">
      <Filter>Pages\Monitor\PPSMonitor\liuhe</Filter>
    </CustomBuild>
    <CustomBuild Include="Widgets\monitor\PPSMonitor\liuhe\LH270AMonitorWidget.ui">
      <Filter>Pages\Monitor\PPSMonitor\liuhe</Filter>
    </CustomBuild>
    <CustomBuild Include="Widgets\monitor\PPSMonitor\liuhe\LiuheMonitorWidget.h">
      <Filter>Pages\Monitor\PPSMonitor\liuhe</Filter>
    </CustomBuild>
    <CustomBuild Include="Widgets\monitor\PPSMonitor\liuhe\LiuheMonitorWidget.ui">
      <Filter>Pages\Monitor\PPSMonitor\liuhe</Filter>
    </CustomBuild>
    <CustomBuild Include="Widgets\monitor\PPSMonitor\hyper\HyperMonitorWidget.h">
      <Filter>Pages\Monitor\PPSMonitor\hyper</Filter>
    </CustomBuild>
    <CustomBuild Include="Widgets\monitor\PPSMonitor\hyper\HyperMonitorWidget.ui">
      <Filter>Pages\Monitor\PPSMonitor\hyper</Filter>
    </CustomBuild>
    <CustomBuild Include="Widgets\monitor\PPSMonitor\hyper\PowermaxMonitorWidget.h">
      <Filter>Pages\Monitor\PPSMonitor\hyper</Filter>
    </CustomBuild>
    <CustomBuild Include="Widgets\monitor\PPSMonitor\hyper\PowermaxMonitorWidget.ui">
      <Filter>Pages\Monitor\PPSMonitor\hyper</Filter>
    </CustomBuild>
    <CustomBuild Include="Pages\CodeTransformModel.h">
      <Filter>Pages\DatabaseModel</Filter>
    </CustomBuild>
    <CustomBuild Include="Pages\CodeTransformWidget.h">
      <Filter>Pages\DatabaseView\CodeTransform</Filter>
    </CustomBuild>
    <CustomBuild Include="Pages\CodeTransformWidget.ui">
      <Filter>Pages\DatabaseView\CodeTransform</Filter>
    </CustomBuild>
    <CustomBuild Include="Widgets\devicediagnose\board\BoardDiagnoseWidget.ui">
      <Filter>Pages\DeviceDiagnose\board</Filter>
    </CustomBuild>
    <CustomBuild Include="Widgets\devicediagnose\board\BoardDiagnoseWidget.h">
      <Filter>Pages\DeviceDiagnose\board</Filter>
    </CustomBuild>
  </ItemGroup>
</Project>