<?xml version="1.0" encoding="utf-8"?>
<Project ToolsVersion="4.0" xmlns="http://schemas.microsoft.com/developer/msbuild/2003">
  <ItemGroup>
    <Filter Include="Source Files">
      <UniqueIdentifier>{4FC737F1-C7A5-4376-A066-2A32D752A2FF}</UniqueIdentifier>
      <Extensions>cpp;cxx;c;def</Extensions>
    </Filter>
  </ItemGroup>
  <ItemGroup>
    <ClCompile Include="main.cpp">
      <Filter>Source Files</Filter>
    </ClCompile>
    <ClCompile Include="Vendor.cpp">
      <Filter>Source Files</Filter>
    </ClCompile>
    <ClCompile Include="CutChartSelector.cpp">
      <Filter>Source Files</Filter>
    </ClCompile>
    <ClCompile Include="CutChart.cpp">
      <Filter>Source Files</Filter>
    </ClCompile>
    <ClCompile Include="Alias.cpp">
      <Filter>Source Files</Filter>
    </ClCompile>
    <ClCompile Include="Nesting.cpp">
      <Filter>Source Files</Filter>
    </ClCompile>
    <ClCompile Include="PPSInfor.cpp">
      <Filter>Source Files</Filter>
    </ClCompile>
  </ItemGroup>
  <ItemGroup>
    <ClInclude Include="Vendor.h">
      <Filter>Source Files</Filter>
    </ClInclude>
    <ClInclude Include="CutChartSelector.h">
      <Filter>Source Files</Filter>
    </ClInclude>
    <ClInclude Include="CutChart.h">
      <Filter>Source Files</Filter>
    </ClInclude>
    <ClInclude Include="Alias.h">
      <Filter>Source Files</Filter>
    </ClInclude>
    <ClInclude Include="Nesting.h">
      <Filter>Source Files</Filter>
    </ClInclude>
    <ClInclude Include="PPSInfor.h">
      <Filter>Source Files</Filter>
    </ClInclude>
  </ItemGroup>
</Project>